// !$*UTF8*$!
{
	archiveVersion = 1;
	classes = {
	};
	objectVersion = 55;
	objects = {

/* Begin PBXBuildFile section */
		6A0814DF27D9E48800D14CFB /* Gif_Image.gif in Resources */ = {isa = PBXBuildFile; fileRef = 6A0814DE27D9E48800D14CFB /* Gif_Image.gif */; };
		6A0814E327D9E53D00D14CFB /* GifImage.swift in Sources */ = {isa = PBXBuildFile; fileRef = 6A0814E227D9E53D00D14CFB /* GifImage.swift */; };
		6A0814E727DA263700D14CFB /* SignupView.swift in Sources */ = {isa = PBXBuildFile; fileRef = 6A0814E627DA263700D14CFB /* SignupView.swift */; };
		6A2688A227DB5A6D00BFD3C2 /* ForgotPasswordView.swift in Sources */ = {isa = PBXBuildFile; fileRef = 6A2688A127DB5A6D00BFD3C2 /* ForgotPasswordView.swift */; };
		6A39B5A427B66A3F0067C0DD /* Launch Screen.storyboard in Resources */ = {isa = PBXBuildFile; fileRef = 6A39B5A327B66A3F0067C0DD /* Launch Screen.storyboard */; };
		6A44BAA227CE21B40077846B /* RegViewModel.swift in Sources */ = {isa = PBXBuildFile; fileRef = 6A44BAA127CE21B40077846B /* RegViewModel.swift */; };
		6ABA112327B4F2320018984E /* MyFirstAppApp.swift in Sources */ = {isa = PBXBuildFile; fileRef = 6ABA112227B4F2320018984E /* MyFirstAppApp.swift */; };
		6ABA112527B4F2320018984E /* ContentView.swift in Sources */ = {isa = PBXBuildFile; fileRef = 6ABA112427B4F2320018984E /* ContentView.swift */; };
		6ABA112727B4F2330018984E /* Assets.xcassets in Resources */ = {isa = PBXBuildFile; fileRef = 6ABA112627B4F2330018984E /* Assets.xcassets */; };
		6ABA112A27B4F2330018984E /* Preview Assets.xcassets in Resources */ = {isa = PBXBuildFile; fileRef = 6ABA112927B4F2330018984E /* Preview Assets.xcassets */; };
		6ABA113427B4F2330018984E /* MyFirstAppTests.swift in Sources */ = {isa = PBXBuildFile; fileRef = 6ABA113327B4F2330018984E /* MyFirstAppTests.swift */; };
		6ABA113E27B4F2330018984E /* MyFirstAppUITests.swift in Sources */ = {isa = PBXBuildFile; fileRef = 6ABA113D27B4F2330018984E /* MyFirstAppUITests.swift */; };
		6ABA114027B4F2330018984E /* MyFirstAppUITestsLaunchTests.swift in Sources */ = {isa = PBXBuildFile; fileRef = 6ABA113F27B4F2330018984E /* MyFirstAppUITestsLaunchTests.swift */; };
		6AD9BA5227E1D5A600A68F2A /* HomeScreenView.swift in Sources */ = {isa = PBXBuildFile; fileRef = 6AD9BA5127E1D5A600A68F2A /* HomeScreenView.swift */; };
		6AD9BA5427E1DFE200A68F2A /* Validation.swift in Sources */ = {isa = PBXBuildFile; fileRef = 6AD9BA5327E1DFE200A68F2A /* Validation.swift */; };
		6AE1D52527E02F05008D1ED2 /* ForgotUsernameView.swift in Sources */ = {isa = PBXBuildFile; fileRef = 6AE1D52427E02F05008D1ED2 /* ForgotUsernameView.swift */; };
		6AE7A60A27ED9B570089B8AA /* Launch Screen Two.storyboard in Resources */ = {isa = PBXBuildFile; fileRef = 6AE7A60927ED9B570089B8AA /* Launch Screen Two.storyboard */; };
/* End PBXBuildFile section */

/* Begin PBXContainerItemProxy section */
		6ABA113027B4F2330018984E /* PBXContainerItemProxy */ = {
			isa = PBXContainerItemProxy;
			containerPortal = 6ABA111727B4F2310018984E /* Project object */;
			proxyType = 1;
			remoteGlobalIDString = 6ABA111E27B4F2310018984E;
			remoteInfo = MyFirstApp;
		};
		6ABA113A27B4F2330018984E /* PBXContainerItemProxy */ = {
			isa = PBXContainerItemProxy;
			containerPortal = 6ABA111727B4F2310018984E /* Project object */;
			proxyType = 1;
			remoteGlobalIDString = 6ABA111E27B4F2310018984E;
			remoteInfo = MyFirstApp;
		};
/* End PBXContainerItemProxy section */

/* Begin PBXFileReference section */
		6A0814DE27D9E48800D14CFB /* Gif_Image.gif */ = {isa = PBXFileReference; lastKnownFileType = image.gif; path = Gif_Image.gif; sourceTree = "<group>"; };
		6A0814E227D9E53D00D14CFB /* GifImage.swift */ = {isa = PBXFileReference; lastKnownFileType = sourcecode.swift; path = GifImage.swift; sourceTree = "<group>"; };
		6A0814E627DA263700D14CFB /* SignupView.swift */ = {isa = PBXFileReference; lastKnownFileType = sourcecode.swift; path = SignupView.swift; sourceTree = "<group>"; };
		6A2688A127DB5A6D00BFD3C2 /* ForgotPasswordView.swift */ = {isa = PBXFileReference; lastKnownFileType = sourcecode.swift; path = ForgotPasswordView.swift; sourceTree = "<group>"; };
		6A39B5A327B66A3F0067C0DD /* Launch Screen.storyboard */ = {isa = PBXFileReference; lastKnownFileType = file.storyboard; path = "Launch Screen.storyboard"; sourceTree = "<group>"; };
		6A44BAA127CE21B40077846B /* RegViewModel.swift */ = {isa = PBXFileReference; lastKnownFileType = sourcecode.swift; path = RegViewModel.swift; sourceTree = "<group>"; };
		6ABA111F27B4F2320018984E /* MyFirstApp.app */ = {isa = PBXFileReference; explicitFileType = wrapper.application; includeInIndex = 0; path = MyFirstApp.app; sourceTree = BUILT_PRODUCTS_DIR; };
		6ABA112227B4F2320018984E /* MyFirstAppApp.swift */ = {isa = PBXFileReference; lastKnownFileType = sourcecode.swift; path = MyFirstAppApp.swift; sourceTree = "<group>"; };
		6ABA112427B4F2320018984E /* ContentView.swift */ = {isa = PBXFileReference; lastKnownFileType = sourcecode.swift; path = ContentView.swift; sourceTree = "<group>"; };
		6ABA112627B4F2330018984E /* Assets.xcassets */ = {isa = PBXFileReference; lastKnownFileType = folder.assetcatalog; path = Assets.xcassets; sourceTree = "<group>"; };
		6ABA112927B4F2330018984E /* Preview Assets.xcassets */ = {isa = PBXFileReference; lastKnownFileType = folder.assetcatalog; path = "Preview Assets.xcassets"; sourceTree = "<group>"; };
		6ABA112F27B4F2330018984E /* MyFirstAppTests.xctest */ = {isa = PBXFileReference; explicitFileType = wrapper.cfbundle; includeInIndex = 0; path = MyFirstAppTests.xctest; sourceTree = BUILT_PRODUCTS_DIR; };
		6ABA113327B4F2330018984E /* MyFirstAppTests.swift */ = {isa = PBXFileReference; lastKnownFileType = sourcecode.swift; path = MyFirstAppTests.swift; sourceTree = "<group>"; };
		6ABA113927B4F2330018984E /* MyFirstAppUITests.xctest */ = {isa = PBXFileReference; explicitFileType = wrapper.cfbundle; includeInIndex = 0; path = MyFirstAppUITests.xctest; sourceTree = BUILT_PRODUCTS_DIR; };
		6ABA113D27B4F2330018984E /* MyFirstAppUITests.swift */ = {isa = PBXFileReference; lastKnownFileType = sourcecode.swift; path = MyFirstAppUITests.swift; sourceTree = "<group>"; };
		6ABA113F27B4F2330018984E /* MyFirstAppUITestsLaunchTests.swift */ = {isa = PBXFileReference; lastKnownFileType = sourcecode.swift; path = MyFirstAppUITestsLaunchTests.swift; sourceTree = "<group>"; };
		6AD9BA5127E1D5A600A68F2A /* HomeScreenView.swift */ = {isa = PBXFileReference; lastKnownFileType = sourcecode.swift; path = HomeScreenView.swift; sourceTree = "<group>"; };
		6AD9BA5327E1DFE200A68F2A /* Validation.swift */ = {isa = PBXFileReference; lastKnownFileType = sourcecode.swift; path = Validation.swift; sourceTree = "<group>"; };
		6AE1D52427E02F05008D1ED2 /* ForgotUsernameView.swift */ = {isa = PBXFileReference; lastKnownFileType = sourcecode.swift; path = ForgotUsernameView.swift; sourceTree = "<group>"; };
		6AE7A60927ED9B570089B8AA /* Launch Screen Two.storyboard */ = {isa = PBXFileReference; lastKnownFileType = file.storyboard; path = "Launch Screen Two.storyboard"; sourceTree = "<group>"; };
/* End PBXFileReference section */

/* Begin PBXFrameworksBuildPhase section */
		6ABA111C27B4F2310018984E /* Frameworks */ = {
			isa = PBXFrameworksBuildPhase;
			buildActionMask = 2147483647;
			files = (
			);
			runOnlyForDeploymentPostprocessing = 0;
		};
		6ABA112C27B4F2330018984E /* Frameworks */ = {
			isa = PBXFrameworksBuildPhase;
			buildActionMask = 2147483647;
			files = (
			);
			runOnlyForDeploymentPostprocessing = 0;
		};
		6ABA113627B4F2330018984E /* Frameworks */ = {
			isa = PBXFrameworksBuildPhase;
			buildActionMask = 2147483647;
			files = (
			);
			runOnlyForDeploymentPostprocessing = 0;
		};
/* End PBXFrameworksBuildPhase section */

/* Begin PBXGroup section */
		6ABA111627B4F2310018984E = {
			isa = PBXGroup;
			children = (
				6ABA112127B4F2320018984E /* MyFirstApp */,
				6ABA113227B4F2330018984E /* MyFirstAppTests */,
				6ABA113C27B4F2330018984E /* MyFirstAppUITests */,
				6ABA112027B4F2320018984E /* Products */,
			);
			sourceTree = "<group>";
		};
		6ABA112027B4F2320018984E /* Products */ = {
			isa = PBXGroup;
			children = (
				6ABA111F27B4F2320018984E /* MyFirstApp.app */,
				6ABA112F27B4F2330018984E /* MyFirstAppTests.xctest */,
				6ABA113927B4F2330018984E /* MyFirstAppUITests.xctest */,
			);
			name = Products;
			sourceTree = "<group>";
		};
		6ABA112127B4F2320018984E /* MyFirstApp */ = {
			isa = PBXGroup;
			children = (
				6ABA112227B4F2320018984E /* MyFirstAppApp.swift */,
				6ABA112427B4F2320018984E /* ContentView.swift */,
				6A0814E627DA263700D14CFB /* SignupView.swift */,
				6A2688A127DB5A6D00BFD3C2 /* ForgotPasswordView.swift */,
				6AE1D52427E02F05008D1ED2 /* ForgotUsernameView.swift */,
				6AD9BA5127E1D5A600A68F2A /* HomeScreenView.swift */,
				6AD9BA5327E1DFE200A68F2A /* Validation.swift */,
				6A44BAA127CE21B40077846B /* RegViewModel.swift */,
				6A0814DE27D9E48800D14CFB /* Gif_Image.gif */,
				6ABA112627B4F2330018984E /* Assets.xcassets */,
				6ABA112827B4F2330018984E /* Preview Content */,
				6A39B5A327B66A3F0067C0DD /* Launch Screen.storyboard */,
				6AE7A60927ED9B570089B8AA /* Launch Screen Two.storyboard */,
			);
			path = MyFirstApp;
			sourceTree = "<group>";
		};
		6ABA112827B4F2330018984E /* Preview Content */ = {
			isa = PBXGroup;
			children = (
				6ABA112927B4F2330018984E /* Preview Assets.xcassets */,
				6A0814E227D9E53D00D14CFB /* GifImage.swift */,
			);
			path = "Preview Content";
			sourceTree = "<group>";
		};
		6ABA113227B4F2330018984E /* MyFirstAppTests */ = {
			isa = PBXGroup;
			children = (
				6ABA113327B4F2330018984E /* MyFirstAppTests.swift */,
			);
			path = MyFirstAppTests;
			sourceTree = "<group>";
		};
		6ABA113C27B4F2330018984E /* MyFirstAppUITests */ = {
			isa = PBXGroup;
			children = (
				6ABA113D27B4F2330018984E /* MyFirstAppUITests.swift */,
				6ABA113F27B4F2330018984E /* MyFirstAppUITestsLaunchTests.swift */,
			);
			path = MyFirstAppUITests;
			sourceTree = "<group>";
		};
/* End PBXGroup section */

/* Begin PBXNativeTarget section */
		6ABA111E27B4F2310018984E /* MyFirstApp */ = {
			isa = PBXNativeTarget;
			buildConfigurationList = 6ABA114327B4F2330018984E /* Build configuration list for PBXNativeTarget "MyFirstApp" */;
			buildPhases = (
				6ABA111B27B4F2310018984E /* Sources */,
				6ABA111C27B4F2310018984E /* Frameworks */,
				6ABA111D27B4F2310018984E /* Resources */,
			);
			buildRules = (
			);
			dependencies = (
			);
			name = MyFirstApp;
			productName = MyFirstApp;
			productReference = 6ABA111F27B4F2320018984E /* MyFirstApp.app */;
			productType = "com.apple.product-type.application";
		};
		6ABA112E27B4F2330018984E /* MyFirstAppTests */ = {
			isa = PBXNativeTarget;
			buildConfigurationList = 6ABA114627B4F2330018984E /* Build configuration list for PBXNativeTarget "MyFirstAppTests" */;
			buildPhases = (
				6ABA112B27B4F2330018984E /* Sources */,
				6ABA112C27B4F2330018984E /* Frameworks */,
				6ABA112D27B4F2330018984E /* Resources */,
			);
			buildRules = (
			);
			dependencies = (
				6ABA113127B4F2330018984E /* PBXTargetDependency */,
			);
			name = MyFirstAppTests;
			productName = MyFirstAppTests;
			productReference = 6ABA112F27B4F2330018984E /* MyFirstAppTests.xctest */;
			productType = "com.apple.product-type.bundle.unit-test";
		};
		6ABA113827B4F2330018984E /* MyFirstAppUITests */ = {
			isa = PBXNativeTarget;
			buildConfigurationList = 6ABA114927B4F2330018984E /* Build configuration list for PBXNativeTarget "MyFirstAppUITests" */;
			buildPhases = (
				6ABA113527B4F2330018984E /* Sources */,
				6ABA113627B4F2330018984E /* Frameworks */,
				6ABA113727B4F2330018984E /* Resources */,
			);
			buildRules = (
			);
			dependencies = (
				6ABA113B27B4F2330018984E /* PBXTargetDependency */,
			);
			name = MyFirstAppUITests;
			productName = MyFirstAppUITests;
			productReference = 6ABA113927B4F2330018984E /* MyFirstAppUITests.xctest */;
			productType = "com.apple.product-type.bundle.ui-testing";
		};
/* End PBXNativeTarget section */

/* Begin PBXProject section */
		6ABA111727B4F2310018984E /* Project object */ = {
			isa = PBXProject;
			attributes = {
				BuildIndependentTargetsInParallel = 1;
				LastSwiftUpdateCheck = 1320;
				LastUpgradeCheck = 1320;
				TargetAttributes = {
					6ABA111E27B4F2310018984E = {
						CreatedOnToolsVersion = 13.2.1;
					};
					6ABA112E27B4F2330018984E = {
						CreatedOnToolsVersion = 13.2.1;
						TestTargetID = 6ABA111E27B4F2310018984E;
					};
					6ABA113827B4F2330018984E = {
						CreatedOnToolsVersion = 13.2.1;
						TestTargetID = 6ABA111E27B4F2310018984E;
					};
				};
			};
			buildConfigurationList = 6ABA111A27B4F2310018984E /* Build configuration list for PBXProject "MyFirstApp" */;
			compatibilityVersion = "Xcode 13.0";
			developmentRegion = en;
			hasScannedForEncodings = 0;
			knownRegions = (
				en,
				Base,
			);
			mainGroup = 6ABA111627B4F2310018984E;
			productRefGroup = 6ABA112027B4F2320018984E /* Products */;
			projectDirPath = "";
			projectRoot = "";
			targets = (
				6ABA111E27B4F2310018984E /* MyFirstApp */,
				6ABA112E27B4F2330018984E /* MyFirstAppTests */,
				6ABA113827B4F2330018984E /* MyFirstAppUITests */,
			);
		};
/* End PBXProject section */

/* Begin PBXResourcesBuildPhase section */
		6ABA111D27B4F2310018984E /* Resources */ = {
			isa = PBXResourcesBuildPhase;
			buildActionMask = 2147483647;
			files = (
				6A39B5A427B66A3F0067C0DD /* Launch Screen.storyboard in Resources */,
				6A0814DF27D9E48800D14CFB /* Gif_Image.gif in Resources */,
				6AE7A60A27ED9B570089B8AA /* Launch Screen Two.storyboard in Resources */,
				6ABA112A27B4F2330018984E /* Preview Assets.xcassets in Resources */,
				6ABA112727B4F2330018984E /* Assets.xcassets in Resources */,
			);
			runOnlyForDeploymentPostprocessing = 0;
		};
		6ABA112D27B4F2330018984E /* Resources */ = {
			isa = PBXResourcesBuildPhase;
			buildActionMask = 2147483647;
			files = (
			);
			runOnlyForDeploymentPostprocessing = 0;
		};
		6ABA113727B4F2330018984E /* Resources */ = {
			isa = PBXResourcesBuildPhase;
			buildActionMask = 2147483647;
			files = (
			);
			runOnlyForDeploymentPostprocessing = 0;
		};
/* End PBXResourcesBuildPhase section */

/* Begin PBXSourcesBuildPhase section */
		6ABA111B27B4F2310018984E /* Sources */ = {
			isa = PBXSourcesBuildPhase;
			buildActionMask = 2147483647;
			files = (
				6ABA112527B4F2320018984E /* ContentView.swift in Sources */,
				6A44BAA227CE21B40077846B /* RegViewModel.swift in Sources */,
				6A0814E327D9E53D00D14CFB /* GifImage.swift in Sources */,
				6AD9BA5227E1D5A600A68F2A /* HomeScreenView.swift in Sources */,
				6AD9BA5427E1DFE200A68F2A /* Validation.swift in Sources */,
				6ABA112327B4F2320018984E /* MyFirstAppApp.swift in Sources */,
				6A2688A227DB5A6D00BFD3C2 /* ForgotPasswordView.swift in Sources */,
				6AE1D52527E02F05008D1ED2 /* ForgotUsernameView.swift in Sources */,
				6A0814E727DA263700D14CFB /* SignupView.swift in Sources */,
			);
			runOnlyForDeploymentPostprocessing = 0;
		};
		6ABA112B27B4F2330018984E /* Sources */ = {
			isa = PBXSourcesBuildPhase;
			buildActionMask = 2147483647;
			files = (
				6ABA113427B4F2330018984E /* MyFirstAppTests.swift in Sources */,
			);
			runOnlyForDeploymentPostprocessing = 0;
		};
		6ABA113527B4F2330018984E /* Sources */ = {
			isa = PBXSourcesBuildPhase;
			buildActionMask = 2147483647;
			files = (
				6ABA113E27B4F2330018984E /* MyFirstAppUITests.swift in Sources */,
				6ABA114027B4F2330018984E /* MyFirstAppUITestsLaunchTests.swift in Sources */,
			);
			runOnlyForDeploymentPostprocessing = 0;
		};
/* End PBXSourcesBuildPhase section */

/* Begin PBXTargetDependency section */
		6ABA113127B4F2330018984E /* PBXTargetDependency */ = {
			isa = PBXTargetDependency;
			target = 6ABA111E27B4F2310018984E /* MyFirstApp */;
			targetProxy = 6ABA113027B4F2330018984E /* PBXContainerItemProxy */;
		};
		6ABA113B27B4F2330018984E /* PBXTargetDependency */ = {
			isa = PBXTargetDependency;
			target = 6ABA111E27B4F2310018984E /* MyFirstApp */;
			targetProxy = 6ABA113A27B4F2330018984E /* PBXContainerItemProxy */;
		};
/* End PBXTargetDependency section */

/* Begin XCBuildConfiguration section */
		6ABA114127B4F2330018984E /* Debug */ = {
			isa = XCBuildConfiguration;
			buildSettings = {
				ALWAYS_SEARCH_USER_PATHS = NO;
				CLANG_ANALYZER_NONNULL = YES;
				CLANG_ANALYZER_NUMBER_OBJECT_CONVERSION = YES_AGGRESSIVE;
				CLANG_CXX_LANGUAGE_STANDARD = "gnu++17";
				CLANG_CXX_LIBRARY = "libc++";
				CLANG_ENABLE_MODULES = YES;
				CLANG_ENABLE_OBJC_ARC = YES;
				CLANG_ENABLE_OBJC_WEAK = YES;
				CLANG_WARN_BLOCK_CAPTURE_AUTORELEASING = YES;
				CLANG_WARN_BOOL_CONVERSION = YES;
				CLANG_WARN_COMMA = YES;
				CLANG_WARN_CONSTANT_CONVERSION = YES;
				CLANG_WARN_DEPRECATED_OBJC_IMPLEMENTATIONS = YES;
				CLANG_WARN_DIRECT_OBJC_ISA_USAGE = YES_ERROR;
				CLANG_WARN_DOCUMENTATION_COMMENTS = YES;
				CLANG_WARN_EMPTY_BODY = YES;
				CLANG_WARN_ENUM_CONVERSION = YES;
				CLANG_WARN_INFINITE_RECURSION = YES;
				CLANG_WARN_INT_CONVERSION = YES;
				CLANG_WARN_NON_LITERAL_NULL_CONVERSION = YES;
				CLANG_WARN_OBJC_IMPLICIT_RETAIN_SELF = YES;
				CLANG_WARN_OBJC_LITERAL_CONVERSION = YES;
				CLANG_WARN_OBJC_ROOT_CLASS = YES_ERROR;
				CLANG_WARN_QUOTED_INCLUDE_IN_FRAMEWORK_HEADER = YES;
				CLANG_WARN_RANGE_LOOP_ANALYSIS = YES;
				CLANG_WARN_STRICT_PROTOTYPES = YES;
				CLANG_WARN_SUSPICIOUS_MOVE = YES;
				CLANG_WARN_UNGUARDED_AVAILABILITY = YES_AGGRESSIVE;
				CLANG_WARN_UNREACHABLE_CODE = YES;
				CLANG_WARN__DUPLICATE_METHOD_MATCH = YES;
				COPY_PHASE_STRIP = NO;
				DEBUG_INFORMATION_FORMAT = dwarf;
				ENABLE_STRICT_OBJC_MSGSEND = YES;
				ENABLE_TESTABILITY = YES;
				GCC_C_LANGUAGE_STANDARD = gnu11;
				GCC_DYNAMIC_NO_PIC = NO;
				GCC_NO_COMMON_BLOCKS = YES;
				GCC_OPTIMIZATION_LEVEL = 0;
				GCC_PREPROCESSOR_DEFINITIONS = (
					"DEBUG=1",
					"$(inherited)",
				);
				GCC_WARN_64_TO_32_BIT_CONVERSION = YES;
				GCC_WARN_ABOUT_RETURN_TYPE = YES_ERROR;
				GCC_WARN_UNDECLARED_SELECTOR = YES;
				GCC_WARN_UNINITIALIZED_AUTOS = YES_AGGRESSIVE;
				GCC_WARN_UNUSED_FUNCTION = YES;
				GCC_WARN_UNUSED_VARIABLE = YES;
				IPHONEOS_DEPLOYMENT_TARGET = 15.2;
				MTL_ENABLE_DEBUG_INFO = INCLUDE_SOURCE;
				MTL_FAST_MATH = YES;
				ONLY_ACTIVE_ARCH = YES;
				SDKROOT = iphoneos;
				SWIFT_ACTIVE_COMPILATION_CONDITIONS = DEBUG;
				SWIFT_OPTIMIZATION_LEVEL = "-Onone";
			};
			name = Debug;
		};
		6ABA114227B4F2330018984E /* Release */ = {
			isa = XCBuildConfiguration;
			buildSettings = {
				ALWAYS_SEARCH_USER_PATHS = NO;
				CLANG_ANALYZER_NONNULL = YES;
				CLANG_ANALYZER_NUMBER_OBJECT_CONVERSION = YES_AGGRESSIVE;
				CLANG_CXX_LANGUAGE_STANDARD = "gnu++17";
				CLANG_CXX_LIBRARY = "libc++";
				CLANG_ENABLE_MODULES = YES;
				CLANG_ENABLE_OBJC_ARC = YES;
				CLANG_ENABLE_OBJC_WEAK = YES;
				CLANG_WARN_BLOCK_CAPTURE_AUTORELEASING = YES;
				CLANG_WARN_BOOL_CONVERSION = YES;
				CLANG_WARN_COMMA = YES;
				CLANG_WARN_CONSTANT_CONVERSION = YES;
				CLANG_WARN_DEPRECATED_OBJC_IMPLEMENTATIONS = YES;
				CLANG_WARN_DIRECT_OBJC_ISA_USAGE = YES_ERROR;
				CLANG_WARN_DOCUMENTATION_COMMENTS = YES;
				CLANG_WARN_EMPTY_BODY = YES;
				CLANG_WARN_ENUM_CONVERSION = YES;
				CLANG_WARN_INFINITE_RECURSION = YES;
				CLANG_WARN_INT_CONVERSION = YES;
				CLANG_WARN_NON_LITERAL_NULL_CONVERSION = YES;
				CLANG_WARN_OBJC_IMPLICIT_RETAIN_SELF = YES;
				CLANG_WARN_OBJC_LITERAL_CONVERSION = YES;
				CLANG_WARN_OBJC_ROOT_CLASS = YES_ERROR;
				CLANG_WARN_QUOTED_INCLUDE_IN_FRAMEWORK_HEADER = YES;
				CLANG_WARN_RANGE_LOOP_ANALYSIS = YES;
				CLANG_WARN_STRICT_PROTOTYPES = YES;
				CLANG_WARN_SUSPICIOUS_MOVE = YES;
				CLANG_WARN_UNGUARDED_AVAILABILITY = YES_AGGRESSIVE;
				CLANG_WARN_UNREACHABLE_CODE = YES;
				CLANG_WARN__DUPLICATE_METHOD_MATCH = YES;
				COPY_PHASE_STRIP = NO;
				DEBUG_INFORMATION_FORMAT = "dwarf-with-dsym";
				ENABLE_NS_ASSERTIONS = NO;
				ENABLE_STRICT_OBJC_MSGSEND = YES;
				GCC_C_LANGUAGE_STANDARD = gnu11;
				GCC_NO_COMMON_BLOCKS = YES;
				GCC_WARN_64_TO_32_BIT_CONVERSION = YES;
				GCC_WARN_ABOUT_RETURN_TYPE = YES_ERROR;
				GCC_WARN_UNDECLARED_SELECTOR = YES;
				GCC_WARN_UNINITIALIZED_AUTOS = YES_AGGRESSIVE;
				GCC_WARN_UNUSED_FUNCTION = YES;
				GCC_WARN_UNUSED_VARIABLE = YES;
				IPHONEOS_DEPLOYMENT_TARGET = 15.2;
				MTL_ENABLE_DEBUG_INFO = NO;
				MTL_FAST_MATH = YES;
				SDKROOT = iphoneos;
				SWIFT_COMPILATION_MODE = wholemodule;
				SWIFT_OPTIMIZATION_LEVEL = "-O";
				VALIDATE_PRODUCT = YES;
			};
			name = Release;
		};
		6ABA114427B4F2330018984E /* Debug */ = {
			isa = XCBuildConfiguration;
			buildSettings = {
				ASSETCATALOG_COMPILER_APPICON_NAME = AppIcon;
				ASSETCATALOG_COMPILER_GLOBAL_ACCENT_COLOR_NAME = AccentColor;
				CODE_SIGN_IDENTITY = "iPhone Developer";
				CODE_SIGN_STYLE = Manual;
				CURRENT_PROJECT_VERSION = 1;
				DEVELOPMENT_ASSET_PATHS = "\"MyFirstApp/Preview Content\"";
				DEVELOPMENT_TEAM = CRP8335TC4;
				ENABLE_PREVIEWS = YES;
				GENERATE_INFOPLIST_FILE = YES;
				INFOPLIST_KEY_UIApplicationSceneManifest_Generation = YES;
				INFOPLIST_KEY_UIApplicationSupportsIndirectInputEvents = YES;
				INFOPLIST_KEY_UILaunchScreen_Generation = YES;
				INFOPLIST_KEY_UILaunchStoryboardName = "Launch Screen";
				INFOPLIST_KEY_UIMainStoryboardFile = "Launch Screen";
				INFOPLIST_KEY_UISupportedInterfaceOrientations = "UIInterfaceOrientationPortrait UIInterfaceOrientationPortraitUpsideDown UIInterfaceOrientationLandscapeLeft UIInterfaceOrientationLandscapeRight";
				INFOPLIST_KEY_UISupportedInterfaceOrientations_iPad = "UIInterfaceOrientationPortrait UIInterfaceOrientationPortraitUpsideDown UIInterfaceOrientationLandscapeLeft UIInterfaceOrientationLandscapeRight";
				INFOPLIST_KEY_UISupportedInterfaceOrientations_iPhone = "UIInterfaceOrientationPortrait UIInterfaceOrientationLandscapeLeft UIInterfaceOrientationLandscapeRight";
				LD_RUNPATH_SEARCH_PATHS = (
					"$(inherited)",
					"@executable_path/Frameworks",
				);
				MARKETING_VERSION = 1.0;
				PRODUCT_BUNDLE_IDENTIFIER = com.fanaticTV;
				PRODUCT_NAME = "$(TARGET_NAME)";
				PROVISIONING_PROFILE_SPECIFIER = Dev_FanaticTV;
				SWIFT_EMIT_LOC_STRINGS = YES;
				SWIFT_VERSION = 5.0;
				TARGETED_DEVICE_FAMILY = "1,2";
			};
			name = Debug;
		};
		6ABA114527B4F2330018984E /* Release */ = {
			isa = XCBuildConfiguration;
			buildSettings = {
				ASSETCATALOG_COMPILER_APPICON_NAME = AppIcon;
				ASSETCATALOG_COMPILER_GLOBAL_ACCENT_COLOR_NAME = AccentColor;
				CODE_SIGN_IDENTITY = "iPhone Developer";
				CODE_SIGN_STYLE = Manual;
				CURRENT_PROJECT_VERSION = 1;
				DEVELOPMENT_ASSET_PATHS = "\"MyFirstApp/Preview Content\"";
				DEVELOPMENT_TEAM = CRP8335TC4;
				ENABLE_PREVIEWS = YES;
				GENERATE_INFOPLIST_FILE = YES;
				INFOPLIST_KEY_UIApplicationSceneManifest_Generation = YES;
				INFOPLIST_KEY_UIApplicationSupportsIndirectInputEvents = YES;
				INFOPLIST_KEY_UILaunchScreen_Generation = YES;
				INFOPLIST_KEY_UILaunchStoryboardName = "Launch Screen";
				INFOPLIST_KEY_UIMainStoryboardFile = "Launch Screen";
				INFOPLIST_KEY_UISupportedInterfaceOrientations = "UIInterfaceOrientationPortrait UIInterfaceOrientationPortraitUpsideDown UIInterfaceOrientationLandscapeLeft UIInterfaceOrientationLandscapeRight";
				INFOPLIST_KEY_UISupportedInterfaceOrientations_iPad = "UIInterfaceOrientationPortrait UIInterfaceOrientationPortraitUpsideDown UIInterfaceOrientationLandscapeLeft UIInterfaceOrientationLandscapeRight";
				INFOPLIST_KEY_UISupportedInterfaceOrientations_iPhone = "UIInterfaceOrientationPortrait UIInterfaceOrientationLandscapeLeft UIInterfaceOrientationLandscapeRight";
				LD_RUNPATH_SEARCH_PATHS = (
					"$(inherited)",
					"@executable_path/Frameworks",
				);
				MARKETING_VERSION = 1.0;
				PRODUCT_BUNDLE_IDENTIFIER = com.fanaticTV;
				PRODUCT_NAME = "$(TARGET_NAME)";
				PROVISIONING_PROFILE_SPECIFIER = Dev_FanaticTV;
				SWIFT_EMIT_LOC_STRINGS = YES;
				SWIFT_VERSION = 5.0;
				TARGETED_DEVICE_FAMILY = "1,2";
			};
			name = Release;
		};
		6ABA114727B4F2330018984E /* Debug */ = {
			isa = XCBuildConfiguration;
			buildSettings = {
				ALWAYS_EMBED_SWIFT_STANDARD_LIBRARIES = YES;
				BUNDLE_LOADER = "$(TEST_HOST)";
				CODE_SIGN_STYLE = Automatic;
				CURRENT_PROJECT_VERSION = 1;
				GENERATE_INFOPLIST_FILE = YES;
				IPHONEOS_DEPLOYMENT_TARGET = 15.2;
				MARKETING_VERSION = 1.0;
				PRODUCT_BUNDLE_IDENTIFIER = form.MyFirstAppTests;
				PRODUCT_NAME = "$(TARGET_NAME)";
				SWIFT_EMIT_LOC_STRINGS = NO;
				SWIFT_VERSION = 5.0;
				TARGETED_DEVICE_FAMILY = "1,2";
				TEST_HOST = "$(BUILT_PRODUCTS_DIR)/MyFirstApp.app/MyFirstApp";
			};
			name = Debug;
		};
		6ABA114827B4F2330018984E /* Release */ = {
			isa = XCBuildConfiguration;
			buildSettings = {
				ALWAYS_EMBED_SWIFT_STANDARD_LIBRARIES = YES;
				BUNDLE_LOADER = "$(TEST_HOST)";
				CODE_SIGN_STYLE = Automatic;
				CURRENT_PROJECT_VERSION = 1;
				GENERATE_INFOPLIST_FILE = YES;
				IPHONEOS_DEPLOYMENT_TARGET = 15.2;
				MARKETING_VERSION = 1.0;
				PRODUCT_BUNDLE_IDENTIFIER = form.MyFirstAppTests;
				PRODUCT_NAME = "$(TARGET_NAME)";
				SWIFT_EMIT_LOC_STRINGS = NO;
				SWIFT_VERSION = 5.0;
				TARGETED_DEVICE_FAMILY = "1,2";
				TEST_HOST = "$(BUILT_PRODUCTS_DIR)/MyFirstApp.app/MyFirstApp";
			};
			name = Release;
		};
		6ABA114A27B4F2330018984E /* Debug */ = {
			isa = XCBuildConfiguration;
			buildSettings = {
				ALWAYS_EMBED_SWIFT_STANDARD_LIBRARIES = YES;
				CODE_SIGN_STYLE = Automatic;
				CURRENT_PROJECT_VERSION = 1;
				GENERATE_INFOPLIST_FILE = YES;
				MARKETING_VERSION = 1.0;
				PRODUCT_BUNDLE_IDENTIFIER = form.MyFirstAppUITests;
				PRODUCT_NAME = "$(TARGET_NAME)";
				SWIFT_EMIT_LOC_STRINGS = NO;
				SWIFT_VERSION = 5.0;
				TARGETED_DEVICE_FAMILY = "1,2";
				TEST_TARGET_NAME = MyFirstApp;
			};
			name = Debug;
		};
		6ABA114B27B4F2330018984E /* Release */ = {
			isa = XCBuildConfiguration;
			buildSettings = {
				ALWAYS_EMBED_SWIFT_STANDARD_LIBRARIES = YES;
				CODE_SIGN_STYLE = Automatic;
				CURRENT_PROJECT_VERSION = 1;
				GENERATE_INFOPLIST_FILE = YES;
				MARKETING_VERSION = 1.0;
				PRODUCT_BUNDLE_IDENTIFIER = form.MyFirstAppUITests;
				PRODUCT_NAME = "$(TARGET_NAME)";
				SWIFT_EMIT_LOC_STRINGS = NO;
				SWIFT_VERSION = 5.0;
				TARGETED_DEVICE_FAMILY = "1,2";
				TEST_TARGET_NAME = MyFirstApp;
			};
			name = Release;
		};
/* End XCBuildConfiguration section */

/* Begin XCConfigurationList section */
		6ABA111A27B4F2310018984E /* Build configuration list for PBXProject "MyFirstApp" */ = {
			isa = XCConfigurationList;
			buildConfigurations = (
				6ABA114127B4F2330018984E /* Debug */,
				6ABA114227B4F2330018984E /* Release */,
			);
			defaultConfigurationIsVisible = 0;
			defaultConfigurationName = Release;
		};
		6ABA114327B4F2330018984E /* Build configuration list for PBXNativeTarget "MyFirstApp" */ = {
			isa = XCConfigurationList;
			buildConfigurations = (
				6ABA114427B4F2330018984E /* Debug */,
				6ABA114527B4F2330018984E /* Release */,
			);
			defaultConfigurationIsVisible = 0;
			defaultConfigurationName = Release;
		};
		6ABA114627B4F2330018984E /* Build configuration list for PBXNativeTarget "MyFirstAppTests" */ = {
			isa = XCConfigurationList;
			buildConfigurations = (
				6ABA114727B4F2330018984E /* Debug */,
				6ABA114827B4F2330018984E /* Release */,
			);
			defaultConfigurationIsVisible = 0;
			defaultConfigurationName = Release;
		};
		6ABA114927B4F2330018984E /* Build configuration list for PBXNativeTarget "MyFirstAppUITests" */ = {
			isa = XCConfigurationList;
			buildConfigurations = (
				6ABA114A27B4F2330018984E /* Debug */,
				6ABA114B27B4F2330018984E /* Release */,
			);
			defaultConfigurationIsVisible = 0;
			defaultConfigurationName = Release;
		};
/* End XCConfigurationList section */
	};
	rootObject = 6ABA111727B4F2310018984E /* Project object */;
}
